
Microsoft Visual Studio Solution File, Format Version 12.00
# Visual Studio Version 17
VisualStudioVersion = 17.11.35327.3
MinimumVisualStudioVersion = 10.0.40219.1
Project("{FAE04EC0-301F-11D3-BF4B-00C04F79EFBC}") = "Oefentoets game", "Oefentoets game.csproj", "{5DE2E93C-0E69-4ED8-B5B0-6647FFB0098E}"
EndProject
Global
	GlobalSection(SolutionConfigurationPlatforms) = preSolution
		Debug|Any CPU = Debug|Any CPU
		Release|Any CPU = Release|Any CPU
	EndGlobalSection
	GlobalSection(ProjectConfigurationPlatforms) = postSolution
		{5DE2E93C-0E69-4ED8-B5B0-6647FFB0098E}.Debug|Any CPU.ActiveCfg = Debug|Any CPU
		{5DE2E93C-0E69-4ED8-B5B0-6647FFB0098E}.Debug|Any CPU.Build.0 = Debug|Any CPU
		{5DE2E93C-0E69-4ED8-B5B0-6647FFB0098E}.Release|Any CPU.ActiveCfg = Release|Any CPU
		{5DE2E93C-0E69-4ED8-B5B0-6647FFB0098E}.Release|Any CPU.Build.0 = Release|Any CPU
	EndGlobalSection
	GlobalSection(SolutionProperties) = preSolution
		HideSolutionNode = FALSE
	EndGlobalSection
	GlobalSection(ExtensibilityGlobals) = postSolution
		SolutionGuid = {14ECE98E-1A91-4AF0-8959-4768A2C9F263}
	EndGlobalSection
EndGlobal
